
Microsoft Visual Studio Solution File, Format Version 12.00
# Visual Studio Version 17
VisualStudioVersion = 17.3.32819.101
MinimumVisualStudioVersion = 10.0.40219.1
Project("{FAE04EC0-301F-11D3-BF4B-00C04F79EFBC}") = "L7_RAJCL_1073522", "L7_RAJCL_1073522\L7_RAJCL_1073522.csproj", "{77648264-F086-4C6E-8A3C-6931E9A0E35A}"
EndProject
Global
	GlobalSection(SolutionConfigurationPlatforms) = preSolution
		Debug|Any CPU = Debug|Any CPU
		Release|Any CPU = Release|Any CPU
	EndGlobalSection
	GlobalSection(ProjectConfigurationPlatforms) = postSolution
		{77648264-F086-4C6E-8A3C-6931E9A0E35A}.Debug|Any CPU.ActiveCfg = Debug|Any CPU
		{77648264-F086-4C6E-8A3C-6931E9A0E35A}.Debug|Any CPU.Build.0 = Debug|Any CPU
		{77648264-F086-4C6E-8A3C-6931E9A0E35A}.Release|Any CPU.ActiveCfg = Release|Any CPU
		{77648264-F086-4C6E-8A3C-6931E9A0E35A}.Release|Any CPU.Build.0 = Release|Any CPU
	EndGlobalSection
	GlobalSection(SolutionProperties) = preSolution
		HideSolutionNode = FALSE
	EndGlobalSection
	GlobalSection(ExtensibilityGlobals) = postSolution
		SolutionGuid = {8F945B1C-D9D2-4F46-A5B3-E9E05C6824F8}
	EndGlobalSection
EndGlobal
